// !$*UTF8*$!
{
	archiveVersion = 1;
	classes = {
	};
	objectVersion = 55;
	objects = {

/* Begin PBXBuildFile section */
		5D1EFD5D28D5228100A25072 /* MenuProfileScreen.swift in Sources */ = {isa = PBXBuildFile; fileRef = 5D1EFD5C28D5228100A25072 /* MenuProfileScreen.swift */; };
		5D1EFD6028D666F300A25072 /* SectionView.swift in Sources */ = {isa = PBXBuildFile; fileRef = 5D1EFD5F28D666F300A25072 /* SectionView.swift */; };
		5D1EFD6328D8B70D00A25072 /* MenuProfileTableViewCell.swift in Sources */ = {isa = PBXBuildFile; fileRef = 5D1EFD6228D8B70D00A25072 /* MenuProfileTableViewCell.swift */; };
		5D1EFD6628D8B7C200A25072 /* MenuProfileTableViewCellScreen.swift in Sources */ = {isa = PBXBuildFile; fileRef = 5D1EFD6528D8B7C200A25072 /* MenuProfileTableViewCellScreen.swift */; };
		5D5EFA1E28D4A99800D92077 /* AppDelegate.swift in Sources */ = {isa = PBXBuildFile; fileRef = 5D5EFA1D28D4A99800D92077 /* AppDelegate.swift */; };
		5D5EFA2028D4A99800D92077 /* SceneDelegate.swift in Sources */ = {isa = PBXBuildFile; fileRef = 5D5EFA1F28D4A99800D92077 /* SceneDelegate.swift */; };
		5D5EFA2228D4A99800D92077 /* MenuProfileVC.swift in Sources */ = {isa = PBXBuildFile; fileRef = 5D5EFA2128D4A99800D92077 /* MenuProfileVC.swift */; };
		5D5EFA2728D4A99900D92077 /* Assets.xcassets in Resources */ = {isa = PBXBuildFile; fileRef = 5D5EFA2628D4A99900D92077 /* Assets.xcassets */; };
		5D5EFA2A28D4A99900D92077 /* LaunchScreen.storyboard in Resources */ = {isa = PBXBuildFile; fileRef = 5D5EFA2828D4A99900D92077 /* LaunchScreen.storyboard */; };
		5D5EFA3328D4AC4E00D92077 /* menuProfile.json in Resources */ = {isa = PBXBuildFile; fileRef = 5D5EFA3228D4AC4E00D92077 /* menuProfile.json */; };
		5D5EFA3628D4AE9D00D92077 /* MenuProfile.swift in Sources */ = {isa = PBXBuildFile; fileRef = 5D5EFA3528D4AE9D00D92077 /* MenuProfile.swift */; };
		5D5EFA3928D4AFD400D92077 /* MenuProfileViewModel.swift in Sources */ = {isa = PBXBuildFile; fileRef = 5D5EFA3828D4AFD400D92077 /* MenuProfileViewModel.swift */; };
		5D5EFA3C28D4B05800D92077 /* MenuProfileService.swift in Sources */ = {isa = PBXBuildFile; fileRef = 5D5EFA3B28D4B05800D92077 /* MenuProfileService.swift */; };
		5D5EFA3E28D4B18700D92077 /* GenericService.swift in Sources */ = {isa = PBXBuildFile; fileRef = 5D5EFA3D28D4B18700D92077 /* GenericService.swift */; };
		809C36D939AC0017DAD4D7A4 /* Pods_menuprofile.framework in Frameworks */ = {isa = PBXBuildFile; fileRef = 86783B4203BBA92B4A7C5587 /* Pods_menuprofile.framework */; };
/* End PBXBuildFile section */

/* Begin PBXFileReference section */
		35F5B577D47FE8B49F3129BA /* Pods-menuprofile.debug.xcconfig */ = {isa = PBXFileReference; includeInIndex = 1; lastKnownFileType = text.xcconfig; name = "Pods-menuprofile.debug.xcconfig"; path = "Target Support Files/Pods-menuprofile/Pods-menuprofile.debug.xcconfig"; sourceTree = "<group>"; };
		5D1EFD5C28D5228100A25072 /* MenuProfileScreen.swift */ = {isa = PBXFileReference; lastKnownFileType = sourcecode.swift; path = MenuProfileScreen.swift; sourceTree = "<group>"; };
		5D1EFD5F28D666F300A25072 /* SectionView.swift */ = {isa = PBXFileReference; lastKnownFileType = sourcecode.swift; path = SectionView.swift; sourceTree = "<group>"; };
		5D1EFD6228D8B70D00A25072 /* MenuProfileTableViewCell.swift */ = {isa = PBXFileReference; lastKnownFileType = sourcecode.swift; path = MenuProfileTableViewCell.swift; sourceTree = "<group>"; };
		5D1EFD6528D8B7C200A25072 /* MenuProfileTableViewCellScreen.swift */ = {isa = PBXFileReference; lastKnownFileType = sourcecode.swift; path = MenuProfileTableViewCellScreen.swift; sourceTree = "<group>"; };
		5D5EFA1A28D4A99800D92077 /* menuprofile.app */ = {isa = PBXFileReference; explicitFileType = wrapper.application; includeInIndex = 0; path = menuprofile.app; sourceTree = BUILT_PRODUCTS_DIR; };
		5D5EFA1D28D4A99800D92077 /* AppDelegate.swift */ = {isa = PBXFileReference; lastKnownFileType = sourcecode.swift; path = AppDelegate.swift; sourceTree = "<group>"; };
		5D5EFA1F28D4A99800D92077 /* SceneDelegate.swift */ = {isa = PBXFileReference; lastKnownFileType = sourcecode.swift; path = SceneDelegate.swift; sourceTree = "<group>"; };
		5D5EFA2128D4A99800D92077 /* MenuProfileVC.swift */ = {isa = PBXFileReference; lastKnownFileType = sourcecode.swift; path = MenuProfileVC.swift; sourceTree = "<group>"; };
		5D5EFA2628D4A99900D92077 /* Assets.xcassets */ = {isa = PBXFileReference; lastKnownFileType = folder.assetcatalog; path = Assets.xcassets; sourceTree = "<group>"; };
		5D5EFA2928D4A99900D92077 /* Base */ = {isa = PBXFileReference; lastKnownFileType = file.storyboard; name = Base; path = Base.lproj/LaunchScreen.storyboard; sourceTree = "<group>"; };
		5D5EFA2B28D4A99900D92077 /* Info.plist */ = {isa = PBXFileReference; lastKnownFileType = text.plist.xml; path = Info.plist; sourceTree = "<group>"; };
		5D5EFA3228D4AC4E00D92077 /* menuProfile.json */ = {isa = PBXFileReference; lastKnownFileType = text.json; path = menuProfile.json; sourceTree = "<group>"; };
		5D5EFA3528D4AE9D00D92077 /* MenuProfile.swift */ = {isa = PBXFileReference; lastKnownFileType = sourcecode.swift; path = MenuProfile.swift; sourceTree = "<group>"; };
		5D5EFA3828D4AFD400D92077 /* MenuProfileViewModel.swift */ = {isa = PBXFileReference; lastKnownFileType = sourcecode.swift; path = MenuProfileViewModel.swift; sourceTree = "<group>"; };
		5D5EFA3B28D4B05800D92077 /* MenuProfileService.swift */ = {isa = PBXFileReference; lastKnownFileType = sourcecode.swift; path = MenuProfileService.swift; sourceTree = "<group>"; };
		5D5EFA3D28D4B18700D92077 /* GenericService.swift */ = {isa = PBXFileReference; lastKnownFileType = sourcecode.swift; path = GenericService.swift; sourceTree = "<group>"; };
		86783B4203BBA92B4A7C5587 /* Pods_menuprofile.framework */ = {isa = PBXFileReference; explicitFileType = wrapper.framework; includeInIndex = 0; path = Pods_menuprofile.framework; sourceTree = BUILT_PRODUCTS_DIR; };
		EAA09F2FDF4D328DBE759DE4 /* Pods-menuprofile.release.xcconfig */ = {isa = PBXFileReference; includeInIndex = 1; lastKnownFileType = text.xcconfig; name = "Pods-menuprofile.release.xcconfig"; path = "Target Support Files/Pods-menuprofile/Pods-menuprofile.release.xcconfig"; sourceTree = "<group>"; };
/* End PBXFileReference section */

/* Begin PBXFrameworksBuildPhase section */
		5D5EFA1728D4A99800D92077 /* Frameworks */ = {
			isa = PBXFrameworksBuildPhase;
			buildActionMask = 2147483647;
			files = (
				809C36D939AC0017DAD4D7A4 /* Pods_menuprofile.framework in Frameworks */,
			);
			runOnlyForDeploymentPostprocessing = 0;
		};
/* End PBXFrameworksBuildPhase section */

/* Begin PBXGroup section */
		5D1EFD5A28D5221E00A25072 /* VC */ = {
			isa = PBXGroup;
			children = (
				5D5EFA2128D4A99800D92077 /* MenuProfileVC.swift */,
			);
			path = VC;
			sourceTree = "<group>";
		};
		5D1EFD5B28D5225F00A25072 /* Screen */ = {
			isa = PBXGroup;
			children = (
				5D1EFD5C28D5228100A25072 /* MenuProfileScreen.swift */,
			);
			path = Screen;
			sourceTree = "<group>";
		};
		5D1EFD5E28D666E000A25072 /* Section */ = {
			isa = PBXGroup;
			children = (
				5D1EFD5F28D666F300A25072 /* SectionView.swift */,
			);
			path = Section;
			sourceTree = "<group>";
		};
		5D1EFD6128D8B6E500A25072 /* Cell */ = {
			isa = PBXGroup;
			children = (
				5D1EFD6428D8B79D00A25072 /* Screen */,
				5D1EFD6228D8B70D00A25072 /* MenuProfileTableViewCell.swift */,
			);
			path = Cell;
			sourceTree = "<group>";
		};
		5D1EFD6428D8B79D00A25072 /* Screen */ = {
			isa = PBXGroup;
			children = (
				5D1EFD6528D8B7C200A25072 /* MenuProfileTableViewCellScreen.swift */,
			);
			path = Screen;
			sourceTree = "<group>";
		};
		5D5EFA1128D4A99800D92077 = {
			isa = PBXGroup;
			children = (
				5D5EFA1C28D4A99800D92077 /* menuprofile */,
				5D5EFA1B28D4A99800D92077 /* Products */,
				A91C2A9BFD72D6D18F44A756 /* Pods */,
				65C718976867AE9FE4AA7B42 /* Frameworks */,
			);
			sourceTree = "<group>";
		};
		5D5EFA1B28D4A99800D92077 /* Products */ = {
			isa = PBXGroup;
			children = (
				5D5EFA1A28D4A99800D92077 /* menuprofile.app */,
			);
			name = Products;
			sourceTree = "<group>";
		};
		5D5EFA1C28D4A99800D92077 /* menuprofile */ = {
			isa = PBXGroup;
			children = (
				5D1EFD6128D8B6E500A25072 /* Cell */,
				5D1EFD5E28D666E000A25072 /* Section */,
				5D1EFD5B28D5225F00A25072 /* Screen */,
				5D1EFD5A28D5221E00A25072 /* VC */,
				5D5EFA3A28D4B04300D92077 /* Service */,
				5D5EFA3728D4AFB700D92077 /* ViewModel */,
				5D5EFA3428D4AE7900D92077 /* Model */,
				5D5EFA3128D4AC2700D92077 /* Json */,
				5D5EFA1D28D4A99800D92077 /* AppDelegate.swift */,
				5D5EFA1F28D4A99800D92077 /* SceneDelegate.swift */,
				5D5EFA2628D4A99900D92077 /* Assets.xcassets */,
				5D5EFA2828D4A99900D92077 /* LaunchScreen.storyboard */,
				5D5EFA2B28D4A99900D92077 /* Info.plist */,
			);
			path = menuprofile;
			sourceTree = "<group>";
		};
		5D5EFA3128D4AC2700D92077 /* Json */ = {
			isa = PBXGroup;
			children = (
				5D5EFA3228D4AC4E00D92077 /* menuProfile.json */,
			);
			path = Json;
			sourceTree = "<group>";
		};
		5D5EFA3428D4AE7900D92077 /* Model */ = {
			isa = PBXGroup;
			children = (
				5D5EFA3528D4AE9D00D92077 /* MenuProfile.swift */,
			);
			path = Model;
			sourceTree = "<group>";
		};
		5D5EFA3728D4AFB700D92077 /* ViewModel */ = {
			isa = PBXGroup;
			children = (
				5D5EFA3828D4AFD400D92077 /* MenuProfileViewModel.swift */,
			);
			path = ViewModel;
			sourceTree = "<group>";
		};
		5D5EFA3A28D4B04300D92077 /* Service */ = {
			isa = PBXGroup;
			children = (
				5D5EFA3B28D4B05800D92077 /* MenuProfileService.swift */,
				5D5EFA3D28D4B18700D92077 /* GenericService.swift */,
			);
			path = Service;
			sourceTree = "<group>";
		};
		65C718976867AE9FE4AA7B42 /* Frameworks */ = {
			isa = PBXGroup;
			children = (
				86783B4203BBA92B4A7C5587 /* Pods_menuprofile.framework */,
			);
			name = Frameworks;
			sourceTree = "<group>";
		};
		A91C2A9BFD72D6D18F44A756 /* Pods */ = {
			isa = PBXGroup;
			children = (
				35F5B577D47FE8B49F3129BA /* Pods-menuprofile.debug.xcconfig */,
				EAA09F2FDF4D328DBE759DE4 /* Pods-menuprofile.release.xcconfig */,
			);
			path = Pods;
			sourceTree = "<group>";
		};
/* End PBXGroup section */

/* Begin PBXNativeTarget section */
		5D5EFA1928D4A99800D92077 /* menuprofile */ = {
			isa = PBXNativeTarget;
			buildConfigurationList = 5D5EFA2E28D4A99900D92077 /* Build configuration list for PBXNativeTarget "menuprofile" */;
			buildPhases = (
				FDC4A7244F0E6D4BAD272D7A /* [CP] Check Pods Manifest.lock */,
				5D5EFA1628D4A99800D92077 /* Sources */,
				5D5EFA1728D4A99800D92077 /* Frameworks */,
				5D5EFA1828D4A99800D92077 /* Resources */,
				42B85E0D1DCC8AFF34F345C2 /* [CP] Embed Pods Frameworks */,
			);
			buildRules = (
			);
			dependencies = (
			);
			name = menuprofile;
			productName = menuprofile;
			productReference = 5D5EFA1A28D4A99800D92077 /* menuprofile.app */;
			productType = "com.apple.product-type.application";
		};
/* End PBXNativeTarget section */

/* Begin PBXProject section */
		5D5EFA1228D4A99800D92077 /* Project object */ = {
			isa = PBXProject;
			attributes = {
				BuildIndependentTargetsInParallel = 1;
				LastSwiftUpdateCheck = 1400;
				LastUpgradeCheck = 1400;
				TargetAttributes = {
					5D5EFA1928D4A99800D92077 = {
						CreatedOnToolsVersion = 14.0;
					};
				};
			};
			buildConfigurationList = 5D5EFA1528D4A99800D92077 /* Build configuration list for PBXProject "menuprofile" */;
			compatibilityVersion = "Xcode 13.0";
			developmentRegion = en;
			hasScannedForEncodings = 0;
			knownRegions = (
				en,
				Base,
			);
			mainGroup = 5D5EFA1128D4A99800D92077;
			productRefGroup = 5D5EFA1B28D4A99800D92077 /* Products */;
			projectDirPath = "";
			projectRoot = "";
			targets = (
				5D5EFA1928D4A99800D92077 /* menuprofile */,
			);
		};
/* End PBXProject section */

/* Begin PBXResourcesBuildPhase section */
		5D5EFA1828D4A99800D92077 /* Resources */ = {
			isa = PBXResourcesBuildPhase;
			buildActionMask = 2147483647;
			files = (
				5D5EFA3328D4AC4E00D92077 /* menuProfile.json in Resources */,
				5D5EFA2A28D4A99900D92077 /* LaunchScreen.storyboard in Resources */,
				5D5EFA2728D4A99900D92077 /* Assets.xcassets in Resources */,
			);
			runOnlyForDeploymentPostprocessing = 0;
		};
/* End PBXResourcesBuildPhase section */

/* Begin PBXShellScriptBuildPhase section */
		42B85E0D1DCC8AFF34F345C2 /* [CP] Embed Pods Frameworks */ = {
			isa = PBXShellScriptBuildPhase;
			buildActionMask = 2147483647;
			files = (
			);
			inputFileListPaths = (
				"${PODS_ROOT}/Target Support Files/Pods-menuprofile/Pods-menuprofile-frameworks-${CONFIGURATION}-input-files.xcfilelist",
			);
			name = "[CP] Embed Pods Frameworks";
			outputFileListPaths = (
				"${PODS_ROOT}/Target Support Files/Pods-menuprofile/Pods-menuprofile-frameworks-${CONFIGURATION}-output-files.xcfilelist",
			);
			runOnlyForDeploymentPostprocessing = 0;
			shellPath = /bin/sh;
			shellScript = "\"${PODS_ROOT}/Target Support Files/Pods-menuprofile/Pods-menuprofile-frameworks.sh\"\n";
			showEnvVarsInLog = 0;
		};
		FDC4A7244F0E6D4BAD272D7A /* [CP] Check Pods Manifest.lock */ = {
			isa = PBXShellScriptBuildPhase;
			buildActionMask = 2147483647;
			files = (
			);
			inputFileListPaths = (
			);
			inputPaths = (
				"${PODS_PODFILE_DIR_PATH}/Podfile.lock",
				"${PODS_ROOT}/Manifest.lock",
			);
			name = "[CP] Check Pods Manifest.lock";
			outputFileListPaths = (
			);
			outputPaths = (
				"$(DERIVED_FILE_DIR)/Pods-menuprofile-checkManifestLockResult.txt",
			);
			runOnlyForDeploymentPostprocessing = 0;
			shellPath = /bin/sh;
			shellScript = "diff \"${PODS_PODFILE_DIR_PATH}/Podfile.lock\" \"${PODS_ROOT}/Manifest.lock\" > /dev/null\nif [ $? != 0 ] ; then\n    # print error to STDERR\n    echo \"error: The sandbox is not in sync with the Podfile.lock. Run 'pod install' or update your CocoaPods installation.\" >&2\n    exit 1\nfi\n# This output is used by Xcode 'outputs' to avoid re-running this script phase.\necho \"SUCCESS\" > \"${SCRIPT_OUTPUT_FILE_0}\"\n";
			showEnvVarsInLog = 0;
		};
/* End PBXShellScriptBuildPhase section */

/* Begin PBXSourcesBuildPhase section */
		5D5EFA1628D4A99800D92077 /* Sources */ = {
			isa = PBXSourcesBuildPhase;
			buildActionMask = 2147483647;
			files = (
				5D1EFD5D28D5228100A25072 /* MenuProfileScreen.swift in Sources */,
				5D5EFA2228D4A99800D92077 /* MenuProfileVC.swift in Sources */,
				5D1EFD6028D666F300A25072 /* SectionView.swift in Sources */,
				5D5EFA1E28D4A99800D92077 /* AppDelegate.swift in Sources */,
				5D1EFD6328D8B70D00A25072 /* MenuProfileTableViewCell.swift in Sources */,
				5D5EFA3E28D4B18700D92077 /* GenericService.swift in Sources */,
				5D5EFA3C28D4B05800D92077 /* MenuProfileService.swift in Sources */,
				5D5EFA3628D4AE9D00D92077 /* MenuProfile.swift in Sources */,
				5D5EFA3928D4AFD400D92077 /* MenuProfileViewModel.swift in Sources */,
				5D1EFD6628D8B7C200A25072 /* MenuProfileTableViewCellScreen.swift in Sources */,
				5D5EFA2028D4A99800D92077 /* SceneDelegate.swift in Sources */,
			);
			runOnlyForDeploymentPostprocessing = 0;
		};
/* End PBXSourcesBuildPhase section */

/* Begin PBXVariantGroup section */
		5D5EFA2828D4A99900D92077 /* LaunchScreen.storyboard */ = {
			isa = PBXVariantGroup;
			children = (
				5D5EFA2928D4A99900D92077 /* Base */,
			);
			name = LaunchScreen.storyboard;
			sourceTree = "<group>";
		};
/* End PBXVariantGroup section */

/* Begin XCBuildConfiguration section */
		5D5EFA2C28D4A99900D92077 /* Debug */ = {
			isa = XCBuildConfiguration;
			buildSettings = {
				ALWAYS_SEARCH_USER_PATHS = NO;
				CLANG_ANALYZER_NONNULL = YES;
				CLANG_ANALYZER_NUMBER_OBJECT_CONVERSION = YES_AGGRESSIVE;
				CLANG_CXX_LANGUAGE_STANDARD = "gnu++20";
				CLANG_ENABLE_MODULES = YES;
				CLANG_ENABLE_OBJC_ARC = YES;
				CLANG_ENABLE_OBJC_WEAK = YES;
				CLANG_WARN_BLOCK_CAPTURE_AUTORELEASING = YES;
				CLANG_WARN_BOOL_CONVERSION = YES;
				CLANG_WARN_COMMA = YES;
				CLANG_WARN_CONSTANT_CONVERSION = YES;
				CLANG_WARN_DEPRECATED_OBJC_IMPLEMENTATIONS = YES;
				CLANG_WARN_DIRECT_OBJC_ISA_USAGE = YES_ERROR;
				CLANG_WARN_DOCUMENTATION_COMMENTS = YES;
				CLANG_WARN_EMPTY_BODY = YES;
				CLANG_WARN_ENUM_CONVERSION = YES;
				CLANG_WARN_INFINITE_RECURSION = YES;
				CLANG_WARN_INT_CONVERSION = YES;
				CLANG_WARN_NON_LITERAL_NULL_CONVERSION = YES;
				CLANG_WARN_OBJC_IMPLICIT_RETAIN_SELF = YES;
				CLANG_WARN_OBJC_LITERAL_CONVERSION = YES;
				CLANG_WARN_OBJC_ROOT_CLASS = YES_ERROR;
				CLANG_WARN_QUOTED_INCLUDE_IN_FRAMEWORK_HEADER = YES;
				CLANG_WARN_RANGE_LOOP_ANALYSIS = YES;
				CLANG_WARN_STRICT_PROTOTYPES = YES;
				CLANG_WARN_SUSPICIOUS_MOVE = YES;
				CLANG_WARN_UNGUARDED_AVAILABILITY = YES_AGGRESSIVE;
				CLANG_WARN_UNREACHABLE_CODE = YES;
				CLANG_WARN__DUPLICATE_METHOD_MATCH = YES;
				COPY_PHASE_STRIP = NO;
				DEBUG_INFORMATION_FORMAT = dwarf;
				ENABLE_STRICT_OBJC_MSGSEND = YES;
				ENABLE_TESTABILITY = YES;
				GCC_C_LANGUAGE_STANDARD = gnu11;
				GCC_DYNAMIC_NO_PIC = NO;
				GCC_NO_COMMON_BLOCKS = YES;
				GCC_OPTIMIZATION_LEVEL = 0;
				GCC_PREPROCESSOR_DEFINITIONS = (
					"DEBUG=1",
					"$(inherited)",
				);
				GCC_WARN_64_TO_32_BIT_CONVERSION = YES;
				GCC_WARN_ABOUT_RETURN_TYPE = YES_ERROR;
				GCC_WARN_UNDECLARED_SELECTOR = YES;
				GCC_WARN_UNINITIALIZED_AUTOS = YES_AGGRESSIVE;
				GCC_WARN_UNUSED_FUNCTION = YES;
				GCC_WARN_UNUSED_VARIABLE = YES;
				IPHONEOS_DEPLOYMENT_TARGET = 16.0;
				MTL_ENABLE_DEBUG_INFO = INCLUDE_SOURCE;
				MTL_FAST_MATH = YES;
				ONLY_ACTIVE_ARCH = YES;
				SDKROOT = iphoneos;
				SWIFT_ACTIVE_COMPILATION_CONDITIONS = DEBUG;
				SWIFT_OPTIMIZATION_LEVEL = "-Onone";
			};
			name = Debug;
		};
		5D5EFA2D28D4A99900D92077 /* Release */ = {
			isa = XCBuildConfiguration;
			buildSettings = {
				ALWAYS_SEARCH_USER_PATHS = NO;
				CLANG_ANALYZER_NONNULL = YES;
				CLANG_ANALYZER_NUMBER_OBJECT_CONVERSION = YES_AGGRESSIVE;
				CLANG_CXX_LANGUAGE_STANDARD = "gnu++20";
				CLANG_ENABLE_MODULES = YES;
				CLANG_ENABLE_OBJC_ARC = YES;
				CLANG_ENABLE_OBJC_WEAK = YES;
				CLANG_WARN_BLOCK_CAPTURE_AUTORELEASING = YES;
				CLANG_WARN_BOOL_CONVERSION = YES;
				CLANG_WARN_COMMA = YES;
				CLANG_WARN_CONSTANT_CONVERSION = YES;
				CLANG_WARN_DEPRECATED_OBJC_IMPLEMENTATIONS = YES;
				CLANG_WARN_DIRECT_OBJC_ISA_USAGE = YES_ERROR;
				CLANG_WARN_DOCUMENTATION_COMMENTS = YES;
				CLANG_WARN_EMPTY_BODY = YES;
				CLANG_WARN_ENUM_CONVERSION = YES;
				CLANG_WARN_INFINITE_RECURSION = YES;
				CLANG_WARN_INT_CONVERSION = YES;
				CLANG_WARN_NON_LITERAL_NULL_CONVERSION = YES;
				CLANG_WARN_OBJC_IMPLICIT_RETAIN_SELF = YES;
				CLANG_WARN_OBJC_LITERAL_CONVERSION = YES;
				CLANG_WARN_OBJC_ROOT_CLASS = YES_ERROR;
				CLANG_WARN_QUOTED_INCLUDE_IN_FRAMEWORK_HEADER = YES;
				CLANG_WARN_RANGE_LOOP_ANALYSIS = YES;
				CLANG_WARN_STRICT_PROTOTYPES = YES;
				CLANG_WARN_SUSPICIOUS_MOVE = YES;
				CLANG_WARN_UNGUARDED_AVAILABILITY = YES_AGGRESSIVE;
				CLANG_WARN_UNREACHABLE_CODE = YES;
				CLANG_WARN__DUPLICATE_METHOD_MATCH = YES;
				COPY_PHASE_STRIP = NO;
				DEBUG_INFORMATION_FORMAT = "dwarf-with-dsym";
				ENABLE_NS_ASSERTIONS = NO;
				ENABLE_STRICT_OBJC_MSGSEND = YES;
				GCC_C_LANGUAGE_STANDARD = gnu11;
				GCC_NO_COMMON_BLOCKS = YES;
				GCC_WARN_64_TO_32_BIT_CONVERSION = YES;
				GCC_WARN_ABOUT_RETURN_TYPE = YES_ERROR;
				GCC_WARN_UNDECLARED_SELECTOR = YES;
				GCC_WARN_UNINITIALIZED_AUTOS = YES_AGGRESSIVE;
				GCC_WARN_UNUSED_FUNCTION = YES;
				GCC_WARN_UNUSED_VARIABLE = YES;
				IPHONEOS_DEPLOYMENT_TARGET = 16.0;
				MTL_ENABLE_DEBUG_INFO = NO;
				MTL_FAST_MATH = YES;
				SDKROOT = iphoneos;
				SWIFT_COMPILATION_MODE = wholemodule;
				SWIFT_OPTIMIZATION_LEVEL = "-O";
				VALIDATE_PRODUCT = YES;
			};
			name = Release;
		};
		5D5EFA2F28D4A99900D92077 /* Debug */ = {
			isa = XCBuildConfiguration;
			baseConfigurationReference = 35F5B577D47FE8B49F3129BA /* Pods-menuprofile.debug.xcconfig */;
			buildSettings = {
				ASSETCATALOG_COMPILER_APPICON_NAME = AppIcon;
				ASSETCATALOG_COMPILER_GLOBAL_ACCENT_COLOR_NAME = AccentColor;
				CODE_SIGN_STYLE = Automatic;
				CURRENT_PROJECT_VERSION = 1;
				DEVELOPMENT_TEAM = 5ECG8ZETZW;
				GENERATE_INFOPLIST_FILE = YES;
				INFOPLIST_FILE = menuprofile/Info.plist;
				INFOPLIST_KEY_UIApplicationSupportsIndirectInputEvents = YES;
				INFOPLIST_KEY_UILaunchStoryboardName = LaunchScreen;
				INFOPLIST_KEY_UIMainStoryboardFile = "";
				INFOPLIST_KEY_UISupportedInterfaceOrientations_iPad = "UIInterfaceOrientationPortrait UIInterfaceOrientationPortraitUpsideDown UIInterfaceOrientationLandscapeLeft UIInterfaceOrientationLandscapeRight";
				INFOPLIST_KEY_UISupportedInterfaceOrientations_iPhone = "UIInterfaceOrientationPortrait UIInterfaceOrientationLandscapeLeft UIInterfaceOrientationLandscapeRight";
				LD_RUNPATH_SEARCH_PATHS = (
					"$(inherited)",
					"@executable_path/Frameworks",
				);
				MARKETING_VERSION = 1.0;
				PRODUCT_BUNDLE_IDENTIFIER = br.com.jorgechiarelli.menuprofile;
				PRODUCT_NAME = "$(TARGET_NAME)";
				SUPPORTED_PLATFORMS = "iphoneos iphonesimulator";
				SUPPORTS_MACCATALYST = NO;
				SUPPORTS_MAC_DESIGNED_FOR_IPHONE_IPAD = NO;
				SWIFT_EMIT_LOC_STRINGS = YES;
				SWIFT_VERSION = 5.0;
				TARGETED_DEVICE_FAMILY = 1;
			};
			name = Debug;
		};
		5D5EFA3028D4A99900D92077 /* Release */ = {
			isa = XCBuildConfiguration;
			baseConfigurationReference = EAA09F2FDF4D328DBE759DE4 /* Pods-menuprofile.release.xcconfig */;
			buildSettings = {
				ASSETCATALOG_COMPILER_APPICON_NAME = AppIcon;
				ASSETCATALOG_COMPILER_GLOBAL_ACCENT_COLOR_NAME = AccentColor;
				CODE_SIGN_STYLE = Automatic;
				CURRENT_PROJECT_VERSION = 1;
				DEVELOPMENT_TEAM = 5ECG8ZETZW;
				GENERATE_INFOPLIST_FILE = YES;
				INFOPLIST_FILE = menuprofile/Info.plist;
				INFOPLIST_KEY_UIApplicationSupportsIndirectInputEvents = YES;
				INFOPLIST_KEY_UILaunchStoryboardName = LaunchScreen;
				INFOPLIST_KEY_UIMainStoryboardFile = "";
				INFOPLIST_KEY_UISupportedInterfaceOrientations_iPad = "UIInterfaceOrientationPortrait UIInterfaceOrientationPortraitUpsideDown UIInterfaceOrientationLandscapeLeft UIInterfaceOrientationLandscapeRight";
				INFOPLIST_KEY_UISupportedInterfaceOrientations_iPhone = "UIInterfaceOrientationPortrait UIInterfaceOrientationLandscapeLeft UIInterfaceOrientationLandscapeRight";
				LD_RUNPATH_SEARCH_PATHS = (
					"$(inherited)",
					"@executable_path/Frameworks",
				);
				MARKETING_VERSION = 1.0;
				PRODUCT_BUNDLE_IDENTIFIER = br.com.jorgechiarelli.menuprofile;
				PRODUCT_NAME = "$(TARGET_NAME)";
				SUPPORTED_PLATFORMS = "iphoneos iphonesimulator";
				SUPPORTS_MACCATALYST = NO;
				SUPPORTS_MAC_DESIGNED_FOR_IPHONE_IPAD = NO;
				SWIFT_EMIT_LOC_STRINGS = YES;
				SWIFT_VERSION = 5.0;
				TARGETED_DEVICE_FAMILY = 1;
			};
			name = Release;
		};
/* End XCBuildConfiguration section */

/* Begin XCConfigurationList section */
		5D5EFA1528D4A99800D92077 /* Build configuration list for PBXProject "menuprofile" */ = {
			isa = XCConfigurationList;
			buildConfigurations = (
				5D5EFA2C28D4A99900D92077 /* Debug */,
				5D5EFA2D28D4A99900D92077 /* Release */,
			);
			defaultConfigurationIsVisible = 0;
			defaultConfigurationName = Release;
		};
		5D5EFA2E28D4A99900D92077 /* Build configuration list for PBXNativeTarget "menuprofile" */ = {
			isa = XCConfigurationList;
			buildConfigurations = (
				5D5EFA2F28D4A99900D92077 /* Debug */,
				5D5EFA3028D4A99900D92077 /* Release */,
			);
			defaultConfigurationIsVisible = 0;
			defaultConfigurationName = Release;
		};
/* End XCConfigurationList section */
	};
	rootObject = 5D5EFA1228D4A99800D92077 /* Project object */;
}
